
Microsoft Visual Studio Solution File, Format Version 12.00
# Visual Studio Version 17
VisualStudioVersion = 17.7.34018.315
MinimumVisualStudioVersion = 10.0.40219.1
Project("{FAE04EC0-301F-11D3-BF4B-00C04F79EFBC}") = "PDF Combiner", "PDF Combiner.csproj", "{2274195E-8EB6-4F6F-91D0-A54BBB6C0437}"
EndProject
Global
	GlobalSection(SolutionConfigurationPlatforms) = preSolution
		Debug|Any CPU = Debug|Any CPU
		Release|Any CPU = Release|Any CPU
	EndGlobalSection
	GlobalSection(ProjectConfigurationPlatforms) = postSolution
		{2274195E-8EB6-4F6F-91D0-A54BBB6C0437}.Debug|Any CPU.ActiveCfg = Debug|Any CPU
		{2274195E-8EB6-4F6F-91D0-A54BBB6C0437}.Debug|Any CPU.Build.0 = Debug|Any CPU
		{2274195E-8EB6-4F6F-91D0-A54BBB6C0437}.Release|Any CPU.ActiveCfg = Release|Any CPU
		{2274195E-8EB6-4F6F-91D0-A54BBB6C0437}.Release|Any CPU.Build.0 = Release|Any CPU
	EndGlobalSection
	GlobalSection(SolutionProperties) = preSolution
		HideSolutionNode = FALSE
	EndGlobalSection
	GlobalSection(ExtensibilityGlobals) = postSolution
		SolutionGuid = {63B0564E-08A8-43EA-9D91-DA17F54B2719}
	EndGlobalSection
EndGlobal
